dependencies:
  espressif/esp32-camera:
    component_hash: 32c2687d321b623c67a1137c43bd6797d4747aaed4315f44b57b8ed869f3e681
    dependencies: []
    source:
      registry_url: https://components.espressif.com/
      type: service
    version: 2.0.14
  espressif/usb_host_uvc:
    component_hash: 3dde9c89980212de1e394a29d3fe782a2988a08fd2a16af34eee6f642aab6ebe
    dependencies:
    - name: idf
      require: private
      version: '>=5.0'
    - name: espressif/usb
      registry_url: https://components.espressif.com
      require: public
      rules:
      - if: idf_version >=6.0
      - if: target not in ["linux"]
      version: ^1.0.0
    source:
      registry_url: https://components.espressif.com/
      type: service
    targets:
    - esp32s2
    - esp32s3
    - esp32p4
    - esp32h4
    - esp32s31
    - linux
    version: 2.5.1
  idf:
    source:
      type: idf
    version: 5.2.3
direct_dependencies:
- espressif/esp32-camera
- espressif/usb_host_uvc
manifest_hash: d1b5d674511ba66fcc4912beee088bd76fccbf778f015e3f98a356917869e5a1
target: esp32s3
version: 2.0.0
